
Microsoft Visual Studio Solution File, Format Version 12.00
# Visual Studio Version 17
VisualStudioVersion = 17.9.34723.18
MinimumVisualStudioVersion = 10.0.40219.1
Project("{FAE04EC0-301F-11D3-BF4B-00C04F79EFBC}") = "MovieTrain", "MovieTrain.csproj", "{2E92BF64-C7B0-4FD5-AACA-6999A57E905E}"
EndProject
Global
	GlobalSection(SolutionConfigurationPlatforms) = preSolution
		Debug|Any CPU = Debug|Any CPU
		Release|Any CPU = Release|Any CPU
	EndGlobalSection
	GlobalSection(ProjectConfigurationPlatforms) = postSolution
		{2E92BF64-C7B0-4FD5-AACA-6999A57E905E}.Debug|Any CPU.ActiveCfg = Debug|Any CPU
		{2E92BF64-C7B0-4FD5-AACA-6999A57E905E}.Debug|Any CPU.Build.0 = Debug|Any CPU
		{2E92BF64-C7B0-4FD5-AACA-6999A57E905E}.Release|Any CPU.ActiveCfg = Release|Any CPU
		{2E92BF64-C7B0-4FD5-AACA-6999A57E905E}.Release|Any CPU.Build.0 = Release|Any CPU
	EndGlobalSection
	GlobalSection(SolutionProperties) = preSolution
		HideSolutionNode = FALSE
	EndGlobalSection
	GlobalSection(ExtensibilityGlobals) = postSolution
		SolutionGuid = {1E51348B-EC59-4F8C-AB87-2D5BA4EECA12}
	EndGlobalSection
EndGlobal
